// !$*UTF8*$!
{ archiveVersion = 1; classes = {}; objectVersion = 56; objects = {
BB01 = {isa = PBXFileReference; lastKnownFileType = sourcecode.swift; path = YNXResourceApp.swift; sourceTree = "<group>";};
BB02 = {isa = PBXFileReference; lastKnownFileType = text.plist.xml; path = Info.plist; sourceTree = "<group>";};
BB03 = {isa = PBXFileReference; explicitFileType = wrapper.application; path = YNXResource.app; sourceTree = BUILT_PRODUCTS_DIR;};BB04 = {isa = PBXBuildFile; fileRef = BB01;};
BB10 = {isa = PBXGroup; children = (BB11,BB12); sourceTree = "<group>";};BB11 = {isa = PBXGroup; children = (BB01,BB02); path = YNXResource; sourceTree = "<group>";};BB12 = {isa = PBXGroup; children = (BB03); name = Products; sourceTree = "<group>";};
BB20 = {isa = PBXSourcesBuildPhase; buildActionMask = 2147483647; files = (BB04); runOnlyForDeploymentPostprocessing = 0;};BB21 = {isa = PBXFrameworksBuildPhase; buildActionMask = 2147483647; files = (); runOnlyForDeploymentPostprocessing = 0;};BB22 = {isa = PBXResourcesBuildPhase; buildActionMask = 2147483647; files = (); runOnlyForDeploymentPostprocessing = 0;};
BB30 = {isa = PBXNativeTarget; buildConfigurationList = BB41; buildPhases = (BB20,BB21,BB22); buildRules = (); dependencies = (); name = YNXResource; productName = YNXResource; productReference = BB03; productType = "com.apple.product-type.application";};
BB40 = {isa = XCBuildConfiguration; buildSettings = {IPHONEOS_DEPLOYMENT_TARGET = 16.0; SDKROOT = iphoneos; SWIFT_VERSION = 5.0;}; name = Debug;};BB42 = {isa = XCBuildConfiguration; buildSettings = {IPHONEOS_DEPLOYMENT_TARGET = 16.0; SDKROOT = iphoneos; SWIFT_VERSION = 5.0;}; name = Release;};
BB43 = {isa = XCBuildConfiguration; buildSettings = {ASSETCATALOG_COMPILER_APPICON_NAME = AppIcon; CODE_SIGN_STYLE = Automatic; CURRENT_PROJECT_VERSION = 1; GENERATE_INFOPLIST_FILE = NO; INFOPLIST_FILE = YNXResource/Info.plist; MARKETING_VERSION = 0.2.0; PRODUCT_BUNDLE_IDENTIFIER = com.ynxweb4.resource; PRODUCT_NAME = "$(TARGET_NAME)"; SWIFT_VERSION = 5.0; TARGETED_DEVICE_FAMILY = "1,2";}; name = Debug;};BB44 = {isa = XCBuildConfiguration; buildSettings = {ASSETCATALOG_COMPILER_APPICON_NAME = AppIcon; CODE_SIGN_STYLE = Automatic; CURRENT_PROJECT_VERSION = 1; GENERATE_INFOPLIST_FILE = NO; INFOPLIST_FILE = YNXResource/Info.plist; MARKETING_VERSION = 0.2.0; PRODUCT_BUNDLE_IDENTIFIER = com.ynxweb4.resource; PRODUCT_NAME = "$(TARGET_NAME)"; SWIFT_VERSION = 5.0; TARGETED_DEVICE_FAMILY = "1,2";}; name = Release;};
BB41 = {isa = XCConfigurationList; buildConfigurations = (BB43,BB44); defaultConfigurationIsVisible = 0; defaultConfigurationName = Release;};BB45 = {isa = XCConfigurationList; buildConfigurations = (BB40,BB42); defaultConfigurationIsVisible = 0; defaultConfigurationName = Release;};
BB50 = {isa = PBXProject; attributes = {BuildIndependentTargetsInParallel = 1; LastSwiftUpdateCheck = 1600; LastUpgradeCheck = 1600;}; buildConfigurationList = BB45; compatibilityVersion = "Xcode 14.0"; developmentRegion = en; knownRegions = (en,Base,"zh-Hans","zh-Hant",ja,ko,es,fr,de,pt,ru,ar,id); mainGroup = BB10; productRefGroup = BB12; projectDirPath = ""; projectRoot = ""; targets = (BB30);};
}; rootObject = BB50; }
