{
  "name": "@ynx-chain/finance-edge-gateway",
  "version": "1.0.0",
  "lockfileVersion": 3,
  "requires": true,
  "packages": {
    "": {
      "name": "@ynx-chain/finance-edge-gateway",
      "version": "1.0.0",
      "dependencies": {
        "@ynx-chain/wallet-auth": "file:../../../packages/wallet-auth"
      },
      "engines": {
        "node": ">=22"
      }
    },
    "../../../packages/wallet-auth": {
      "name": "@ynx-chain/wallet-auth",
      "version": "1.0.0",
      "dependencies": {
        "@noble/curves": "2.2.0",
        "@noble/hashes": "2.2.0"
      },
      "engines": {
        "node": ">=22"
      }
    },
    "node_modules/@ynx-chain/wallet-auth": {
      "resolved": "../../../packages/wallet-auth",
      "link": true
    }
  }
}
