// !$*UTF8*$!
{
	archiveVersion = 1;
	classes = {
	};
	objectVersion = 54;
	objects = {

/* Begin PBXBuildFile section */
		13B07FBF1A68108700A75B9A /* Images.xcassets in Resources */ = {isa = PBXBuildFile; fileRef = 13B07FB51A68108700A75B9A /* Images.xcassets */; };
		3E461D99554A48A4959DE609 /* SplashScreen.storyboard in Resources */ = {isa = PBXBuildFile; fileRef = AA286B85B6C04FC6940260E9 /* SplashScreen.storyboard */; };
		BB2F792D24A3F905000567C9 /* Expo.plist in Resources */ = {isa = PBXBuildFile; fileRef = BB2F792C24A3F905000567C9 /* Expo.plist */; };
		F11748422D0307B40044C1D9 /* AppDelegate.swift in Sources */ = {isa = PBXBuildFile; fileRef = F11748412D0307B40044C1D9 /* AppDelegate.swift */; };
		3F38C5F95F0A4E37B7E914C7 /* InfoPlist.strings in Resources */ = {isa = PBXBuildFile; fileRef = 600C1F3EB1594DDE9316ECC5 /* InfoPlist.strings */; };
		23027F66FA06434EAF07A127 /* InfoPlist.strings in Resources */ = {isa = PBXBuildFile; fileRef = 6660B57604034F198E01FB68 /* InfoPlist.strings */; };
		593BF472B9414361A74C685E /* InfoPlist.strings in Resources */ = {isa = PBXBuildFile; fileRef = 81BEC232435248E59277433B /* InfoPlist.strings */; };
		CEE3DBC286B54CAE92910A0D /* InfoPlist.strings in Resources */ = {isa = PBXBuildFile; fileRef = 64FA0CFD10D249AE8D8389B1 /* InfoPlist.strings */; };
		52606E0B652C4B4593A29D3A /* InfoPlist.strings in Resources */ = {isa = PBXBuildFile; fileRef = 4761A2C0C73848C8923529F7 /* InfoPlist.strings */; };
		CA2EE72DF4734BEE9E81C555 /* InfoPlist.strings in Resources */ = {isa = PBXBuildFile; fileRef = EC8E1C522E6E43E0AF10272D /* InfoPlist.strings */; };
		F9BF245C0CA24AAD94AB8F69 /* InfoPlist.strings in Resources */ = {isa = PBXBuildFile; fileRef = 4A6EE0B326534B46BBC571E0 /* InfoPlist.strings */; };
		CBD9CEF5BCEB42E1BE914A4D /* InfoPlist.strings in Resources */ = {isa = PBXBuildFile; fileRef = 7D761AA3357B4FD38D934281 /* InfoPlist.strings */; };
		08B488BD461642F68658F017 /* InfoPlist.strings in Resources */ = {isa = PBXBuildFile; fileRef = C49218E94098407E802DB85D /* InfoPlist.strings */; };
		7C35B4CC7539445AAC27DC02 /* InfoPlist.strings in Resources */ = {isa = PBXBuildFile; fileRef = 18F43FD82DA4450784C433FA /* InfoPlist.strings */; };
		04577E0B3099472E963A1CE3 /* InfoPlist.strings in Resources */ = {isa = PBXBuildFile; fileRef = 8183F4E9F5DB4E319FBD234D /* InfoPlist.strings */; };
		5DC32994F24C49E0B426D7AF /* InfoPlist.strings in Resources */ = {isa = PBXBuildFile; fileRef = FB1F25565077477DA2E7550A /* InfoPlist.strings */; };
/* End PBXBuildFile section */

/* Begin PBXFileReference section */
		13B07F961A680F5B00A75B9A /* YNXPay.app */ = {isa = PBXFileReference; explicitFileType = wrapper.application; includeInIndex = 0; path = YNXPay.app; sourceTree = BUILT_PRODUCTS_DIR; };
		13B07FB51A68108700A75B9A /* Images.xcassets */ = {isa = PBXFileReference; lastKnownFileType = folder.assetcatalog; name = Images.xcassets; path = YNXPay/Images.xcassets; sourceTree = "<group>"; };
		13B07FB61A68108700A75B9A /* Info.plist */ = {isa = PBXFileReference; fileEncoding = 4; lastKnownFileType = text.plist.xml; name = Info.plist; path = YNXPay/Info.plist; sourceTree = "<group>"; };
		AA286B85B6C04FC6940260E9 /* SplashScreen.storyboard */ = {isa = PBXFileReference; fileEncoding = 4; lastKnownFileType = file.storyboard; name = SplashScreen.storyboard; path = YNXPay/SplashScreen.storyboard; sourceTree = "<group>"; };
		BB2F792C24A3F905000567C9 /* Expo.plist */ = {isa = PBXFileReference; fileEncoding = 4; lastKnownFileType = text.plist.xml; path = Expo.plist; sourceTree = "<group>"; };
		ED297162215061F000B7C4FE /* JavaScriptCore.framework */ = {isa = PBXFileReference; lastKnownFileType = wrapper.framework; name = JavaScriptCore.framework; path = System/Library/Frameworks/JavaScriptCore.framework; sourceTree = SDKROOT; };
		F11748412D0307B40044C1D9 /* AppDelegate.swift */ = {isa = PBXFileReference; lastKnownFileType = sourcecode.swift; name = AppDelegate.swift; path = YNXPay/AppDelegate.swift; sourceTree = "<group>"; };
		F11748442D0722820044C1D9 /* YNXPay-Bridging-Header.h */ = {isa = PBXFileReference; lastKnownFileType = sourcecode.c.h; name = "YNXPay-Bridging-Header.h"; path = "YNXPay/YNXPay-Bridging-Header.h"; sourceTree = "<group>"; };
		600C1F3EB1594DDE9316ECC5 /* InfoPlist.strings */ = {isa = PBXFileReference; name = "InfoPlist.strings"; path = "en.lproj/InfoPlist.strings"; sourceTree = "<group>"; fileEncoding = 4; lastKnownFileType = text.plist.strings; explicitFileType = undefined; includeInIndex = 0; };
		6660B57604034F198E01FB68 /* InfoPlist.strings */ = {isa = PBXFileReference; name = "InfoPlist.strings"; path = "zh.lproj/InfoPlist.strings"; sourceTree = "<group>"; fileEncoding = 4; lastKnownFileType = text.plist.strings; explicitFileType = undefined; includeInIndex = 0; };
		81BEC232435248E59277433B /* InfoPlist.strings */ = {isa = PBXFileReference; name = "InfoPlist.strings"; path = "zh-Hant.lproj/InfoPlist.strings"; sourceTree = "<group>"; fileEncoding = 4; lastKnownFileType = text.plist.strings; explicitFileType = undefined; includeInIndex = 0; };
		64FA0CFD10D249AE8D8389B1 /* InfoPlist.strings */ = {isa = PBXFileReference; name = "InfoPlist.strings"; path = "ja.lproj/InfoPlist.strings"; sourceTree = "<group>"; fileEncoding = 4; lastKnownFileType = text.plist.strings; explicitFileType = undefined; includeInIndex = 0; };
		4761A2C0C73848C8923529F7 /* InfoPlist.strings */ = {isa = PBXFileReference; name = "InfoPlist.strings"; path = "ko.lproj/InfoPlist.strings"; sourceTree = "<group>"; fileEncoding = 4; lastKnownFileType = text.plist.strings; explicitFileType = undefined; includeInIndex = 0; };
		EC8E1C522E6E43E0AF10272D /* InfoPlist.strings */ = {isa = PBXFileReference; name = "InfoPlist.strings"; path = "es.lproj/InfoPlist.strings"; sourceTree = "<group>"; fileEncoding = 4; lastKnownFileType = text.plist.strings; explicitFileType = undefined; includeInIndex = 0; };
		4A6EE0B326534B46BBC571E0 /* InfoPlist.strings */ = {isa = PBXFileReference; name = "InfoPlist.strings"; path = "fr.lproj/InfoPlist.strings"; sourceTree = "<group>"; fileEncoding = 4; lastKnownFileType = text.plist.strings; explicitFileType = undefined; includeInIndex = 0; };
		7D761AA3357B4FD38D934281 /* InfoPlist.strings */ = {isa = PBXFileReference; name = "InfoPlist.strings"; path = "de.lproj/InfoPlist.strings"; sourceTree = "<group>"; fileEncoding = 4; lastKnownFileType = text.plist.strings; explicitFileType = undefined; includeInIndex = 0; };
		C49218E94098407E802DB85D /* InfoPlist.strings */ = {isa = PBXFileReference; name = "InfoPlist.strings"; path = "pt.lproj/InfoPlist.strings"; sourceTree = "<group>"; fileEncoding = 4; lastKnownFileType = text.plist.strings; explicitFileType = undefined; includeInIndex = 0; };
		18F43FD82DA4450784C433FA /* InfoPlist.strings */ = {isa = PBXFileReference; name = "InfoPlist.strings"; path = "ru.lproj/InfoPlist.strings"; sourceTree = "<group>"; fileEncoding = 4; lastKnownFileType = text.plist.strings; explicitFileType = undefined; includeInIndex = 0; };
		8183F4E9F5DB4E319FBD234D /* InfoPlist.strings */ = {isa = PBXFileReference; name = "InfoPlist.strings"; path = "ar.lproj/InfoPlist.strings"; sourceTree = "<group>"; fileEncoding = 4; lastKnownFileType = text.plist.strings; explicitFileType = undefined; includeInIndex = 0; };
		FB1F25565077477DA2E7550A /* InfoPlist.strings */ = {isa = PBXFileReference; name = "InfoPlist.strings"; path = "id.lproj/InfoPlist.strings"; sourceTree = "<group>"; fileEncoding = 4; lastKnownFileType = text.plist.strings; explicitFileType = undefined; includeInIndex = 0; };
/* End PBXFileReference section */

/* Begin PBXFrameworksBuildPhase section */
		13B07F8C1A680F5B00A75B9A /* Frameworks */ = {
			isa = PBXFrameworksBuildPhase;
			buildActionMask = 2147483647;
			files = (
			);
			runOnlyForDeploymentPostprocessing = 0;
		};
/* End PBXFrameworksBuildPhase section */

/* Begin PBXGroup section */
		13B07FAE1A68108700A75B9A /* YNXPay */ = {
			isa = PBXGroup;
			children = (
				F11748412D0307B40044C1D9 /* AppDelegate.swift */,
				F11748442D0722820044C1D9 /* YNXPay-Bridging-Header.h */,
				BB2F792B24A3F905000567C9 /* Supporting */,
				13B07FB51A68108700A75B9A /* Images.xcassets */,
				13B07FB61A68108700A75B9A /* Info.plist */,
				AA286B85B6C04FC6940260E9 /* SplashScreen.storyboard */,
			);
			name = YNXPay;
			sourceTree = "<group>";
		};
		2D16E6871FA4F8E400B85C8A /* Frameworks */ = {
			isa = PBXGroup;
			children = (
				ED297162215061F000B7C4FE /* JavaScriptCore.framework */,
			);
			name = Frameworks;
			sourceTree = "<group>";
		};
		832341AE1AAA6A7D00B99B32 /* Libraries */ = {
			isa = PBXGroup;
			children = (
			);
			name = Libraries;
			sourceTree = "<group>";
		};
		83CBB9F61A601CBA00E9B192 = {
			isa = PBXGroup;
			children = (
				13B07FAE1A68108700A75B9A /* YNXPay */,
				832341AE1AAA6A7D00B99B32 /* Libraries */,
				83CBBA001A601CBA00E9B192 /* Products */,
				2D16E6871FA4F8E400B85C8A /* Frameworks */,
			);
			indentWidth = 2;
			sourceTree = "<group>";
			tabWidth = 2;
			usesTabs = 0;
		};
		83CBBA001A601CBA00E9B192 /* Products */ = {
			isa = PBXGroup;
			children = (
				13B07F961A680F5B00A75B9A /* YNXPay.app */,
			);
			name = Products;
			sourceTree = "<group>";
		};
		BB2F792B24A3F905000567C9 /* Supporting */ = {
			isa = PBXGroup;
			children = (
				BB2F792C24A3F905000567C9 /* Expo.plist */,
				7B107BBFB1314F99892BB85C /* en.lproj */,
				2833235B94094E5DAE40307D /* zh.lproj */,
				B37E30811D074298AA470902 /* zh-Hant.lproj */,
				6A844871DB2B45459A01D038 /* ja.lproj */,
				A6AEE776A08F49DEB839D921 /* ko.lproj */,
				81733D3BC117485F94DBE337 /* es.lproj */,
				8296B9F4EC8A42F69FFBC08C /* fr.lproj */,
				E8388FDBA5044E20B9EFF47E /* de.lproj */,
				C85D0BDBFF0F455FBCDCC7AA /* pt.lproj */,
				19F3A1FAFAE44A4AA83F66E3 /* ru.lproj */,
				1B12F22108A44592AC22D635 /* ar.lproj */,
				9E1EDA6F11934F0D980929A3 /* id.lproj */,
			);
			name = Supporting;
			path = YNXPay/Supporting;
			sourceTree = "<group>";
		};
		7B107BBFB1314F99892BB85C /* en.lproj */ = {
			isa = "PBXGroup";
			children = (
				600C1F3EB1594DDE9316ECC5 /* InfoPlist.strings */,
			);
			name = en.lproj;
			sourceTree = "<group>";
			path = "";
		};
		2833235B94094E5DAE40307D /* zh.lproj */ = {
			isa = "PBXGroup";
			children = (
				6660B57604034F198E01FB68 /* InfoPlist.strings */,
			);
			name = zh.lproj;
			sourceTree = "<group>";
			path = "";
		};
		B37E30811D074298AA470902 /* zh-Hant.lproj */ = {
			isa = "PBXGroup";
			children = (
				81BEC232435248E59277433B /* InfoPlist.strings */,
			);
			name = zh-Hant.lproj;
			sourceTree = "<group>";
			path = "";
		};
		6A844871DB2B45459A01D038 /* ja.lproj */ = {
			isa = "PBXGroup";
			children = (
				64FA0CFD10D249AE8D8389B1 /* InfoPlist.strings */,
			);
			name = ja.lproj;
			sourceTree = "<group>";
			path = "";
		};
		A6AEE776A08F49DEB839D921 /* ko.lproj */ = {
			isa = "PBXGroup";
			children = (
				4761A2C0C73848C8923529F7 /* InfoPlist.strings */,
			);
			name = ko.lproj;
			sourceTree = "<group>";
			path = "";
		};
		81733D3BC117485F94DBE337 /* es.lproj */ = {
			isa = "PBXGroup";
			children = (
				EC8E1C522E6E43E0AF10272D /* InfoPlist.strings */,
			);
			name = es.lproj;
			sourceTree = "<group>";
			path = "";
		};
		8296B9F4EC8A42F69FFBC08C /* fr.lproj */ = {
			isa = "PBXGroup";
			children = (
				4A6EE0B326534B46BBC571E0 /* InfoPlist.strings */,
			);
			name = fr.lproj;
			sourceTree = "<group>";
			path = "";
		};
		E8388FDBA5044E20B9EFF47E /* de.lproj */ = {
			isa = "PBXGroup";
			children = (
				7D761AA3357B4FD38D934281 /* InfoPlist.strings */,
			);
			name = de.lproj;
			sourceTree = "<group>";
			path = "";
		};
		C85D0BDBFF0F455FBCDCC7AA /* pt.lproj */ = {
			isa = "PBXGroup";
			children = (
				C49218E94098407E802DB85D /* InfoPlist.strings */,
			);
			name = pt.lproj;
			sourceTree = "<group>";
			path = "";
		};
		19F3A1FAFAE44A4AA83F66E3 /* ru.lproj */ = {
			isa = "PBXGroup";
			children = (
				18F43FD82DA4450784C433FA /* InfoPlist.strings */,
			);
			name = ru.lproj;
			sourceTree = "<group>";
			path = "";
		};
		1B12F22108A44592AC22D635 /* ar.lproj */ = {
			isa = "PBXGroup";
			children = (
				8183F4E9F5DB4E319FBD234D /* InfoPlist.strings */,
			);
			name = ar.lproj;
			sourceTree = "<group>";
			path = "";
		};
		9E1EDA6F11934F0D980929A3 /* id.lproj */ = {
			isa = "PBXGroup";
			children = (
				FB1F25565077477DA2E7550A /* InfoPlist.strings */,
			);
			name = id.lproj;
			sourceTree = "<group>";
			path = "";
		};
/* End PBXGroup section */

/* Begin PBXNativeTarget section */
		13B07F861A680F5B00A75B9A /* YNXPay */ = {
			isa = PBXNativeTarget;
			buildConfigurationList = 13B07F931A680F5B00A75B9A /* Build configuration list for PBXNativeTarget "YNXPay" */;
			buildPhases = (
				08A4A3CD28434E44B6B9DE2E /* [CP] Check Pods Manifest.lock */,
				13B07F871A680F5B00A75B9A /* Sources */,
				13B07F8C1A680F5B00A75B9A /* Frameworks */,
				13B07F8E1A680F5B00A75B9A /* Resources */,
				00DD1BFF1BD5951E006B06BC /* Bundle React Native code and images */,
				800E24972A6A228C8D4807E9 /* [CP] Copy Pods Resources */,
			);
			buildRules = (
			);
			dependencies = (
			);
			name = YNXPay;
			productName = YNXPay;
			productReference = 13B07F961A680F5B00A75B9A /* YNXPay.app */;
			productType = "com.apple.product-type.application";
		};
/* End PBXNativeTarget section */

/* Begin PBXProject section */
		83CBB9F71A601CBA00E9B192 /* Project object */ = {
			isa = PBXProject;
			attributes = {
				LastUpgradeCheck = 1130;
				TargetAttributes = {
					13B07F861A680F5B00A75B9A = {
						LastSwiftMigration = 1250;
					};
				};
			};
			buildConfigurationList = 83CBB9FA1A601CBA00E9B192 /* Build configuration list for PBXProject "YNXPay" */;
			compatibilityVersion = "Xcode 3.2";
			developmentRegion = en;
			hasScannedForEncodings = 0;
			knownRegions = (
				en,
				Base,
			);
			mainGroup = 83CBB9F61A601CBA00E9B192;
			productRefGroup = 83CBBA001A601CBA00E9B192 /* Products */;
			projectDirPath = "";
			projectRoot = "";
			targets = (
				13B07F861A680F5B00A75B9A /* YNXPay */,
			);
		};
/* End PBXProject section */

/* Begin PBXResourcesBuildPhase section */
		13B07F8E1A680F5B00A75B9A /* Resources */ = {
			isa = PBXResourcesBuildPhase;
			buildActionMask = 2147483647;
			files = (
				BB2F792D24A3F905000567C9 /* Expo.plist in Resources */,
				13B07FBF1A68108700A75B9A /* Images.xcassets in Resources */,
				3E461D99554A48A4959DE609 /* SplashScreen.storyboard in Resources */,
				3F38C5F95F0A4E37B7E914C7 /* InfoPlist.strings in Resources */,
				23027F66FA06434EAF07A127 /* InfoPlist.strings in Resources */,
				593BF472B9414361A74C685E /* InfoPlist.strings in Resources */,
				CEE3DBC286B54CAE92910A0D /* InfoPlist.strings in Resources */,
				52606E0B652C4B4593A29D3A /* InfoPlist.strings in Resources */,
				CA2EE72DF4734BEE9E81C555 /* InfoPlist.strings in Resources */,
				F9BF245C0CA24AAD94AB8F69 /* InfoPlist.strings in Resources */,
				CBD9CEF5BCEB42E1BE914A4D /* InfoPlist.strings in Resources */,
				08B488BD461642F68658F017 /* InfoPlist.strings in Resources */,
				7C35B4CC7539445AAC27DC02 /* InfoPlist.strings in Resources */,
				04577E0B3099472E963A1CE3 /* InfoPlist.strings in Resources */,
				5DC32994F24C49E0B426D7AF /* InfoPlist.strings in Resources */,
			);
			runOnlyForDeploymentPostprocessing = 0;
		};
/* End PBXResourcesBuildPhase section */

/* Begin PBXShellScriptBuildPhase section */
		00DD1BFF1BD5951E006B06BC /* Bundle React Native code and images */ = {
			isa = PBXShellScriptBuildPhase;
			alwaysOutOfDate = 1;
			buildActionMask = 2147483647;
			files = (
			);
			inputPaths = (
				"$(SRCROOT)/.xcode.env",
				"$(SRCROOT)/.xcode.env.local",
			);
			name = "Bundle React Native code and images";
			outputPaths = (
			);
			runOnlyForDeploymentPostprocessing = 0;
			shellPath = /bin/sh;
			shellScript = "if [[ -f \"$PODS_ROOT/../.xcode.env\" ]]; then\n  source \"$PODS_ROOT/../.xcode.env\"\nfi\nif [[ -f \"$PODS_ROOT/../.xcode.env.local\" ]]; then\n  source \"$PODS_ROOT/../.xcode.env.local\"\nfi\n\n# The project root by default is one level up from the ios directory\nexport PROJECT_ROOT=\"$PROJECT_DIR\"/..\n\nif [[ \"$CONFIGURATION\" = *Debug* ]]; then\n  export SKIP_BUNDLING=1\nfi\nif [[ -z \"$ENTRY_FILE\" ]]; then\n  # Set the entry JS file using the bundler's entry resolution.\n  export ENTRY_FILE=\"$(\"$NODE_BINARY\" -e \"require('expo/scripts/resolveAppEntry')\" \"$PROJECT_ROOT\" ios absolute | tail -n 1)\"\nfi\n\nif [[ -z \"$CLI_PATH\" ]]; then\n  # Use Expo CLI\n  export CLI_PATH=\"$(\"$NODE_BINARY\" --print \"require.resolve('@expo/cli', { paths: [require.resolve('expo/package.json')] })\")\"\nfi\nif [[ -z \"$BUNDLE_COMMAND\" ]]; then\n  # Default Expo CLI command for bundling\n  export BUNDLE_COMMAND=\"export:embed\"\nfi\n\n# Source .xcode.env.updates if it exists to allow\n# SKIP_BUNDLING to be unset if needed\nif [[ -f \"$PODS_ROOT/../.xcode.env.updates\" ]]; then\n  source \"$PODS_ROOT/../.xcode.env.updates\"\nfi\n# Source local changes to allow overrides\n# if needed\nif [[ -f \"$PODS_ROOT/../.xcode.env.local\" ]]; then\n  source \"$PODS_ROOT/../.xcode.env.local\"\nfi\n\n`\"$NODE_BINARY\" --print \"require('path').dirname(require.resolve('react-native/package.json')) + '/scripts/react-native-xcode.sh'\"`\n\n";
		};
		08A4A3CD28434E44B6B9DE2E /* [CP] Check Pods Manifest.lock */ = {
			isa = PBXShellScriptBuildPhase;
			buildActionMask = 2147483647;
			files = (
			);
			inputFileListPaths = (
			);
			inputPaths = (
				"${PODS_PODFILE_DIR_PATH}/Podfile.lock",
				"${PODS_ROOT}/Manifest.lock",
			);
			name = "[CP] Check Pods Manifest.lock";
			outputFileListPaths = (
			);
			outputPaths = (
				"$(DERIVED_FILE_DIR)/Pods-YNXPay-checkManifestLockResult.txt",
			);
			runOnlyForDeploymentPostprocessing = 0;
			shellPath = /bin/sh;
			shellScript = "diff \"${PODS_PODFILE_DIR_PATH}/Podfile.lock\" \"${PODS_ROOT}/Manifest.lock\" > /dev/null\nif [ $? != 0 ] ; then\n    # print error to STDERR\n    echo \"error: The sandbox is not in sync with the Podfile.lock. Run 'pod install' or update your CocoaPods installation.\" >&2\n    exit 1\nfi\n# This output is used by Xcode 'outputs' to avoid re-running this script phase.\necho \"SUCCESS\" > \"${SCRIPT_OUTPUT_FILE_0}\"\n";
			showEnvVarsInLog = 0;
		};
		800E24972A6A228C8D4807E9 /* [CP] Copy Pods Resources */ = {
			isa = PBXShellScriptBuildPhase;
			buildActionMask = 2147483647;
			files = (
			);
			inputPaths = (
				"${PODS_ROOT}/Target Support Files/Pods-YNXPay/Pods-YNXPay-resources.sh",
				"${PODS_CONFIGURATION_BUILD_DIR}/EXConstants/EXConstants.bundle",
				"${PODS_CONFIGURATION_BUILD_DIR}/EXUpdates/EXUpdates.bundle",
				"${PODS_CONFIGURATION_BUILD_DIR}/React-Core/RCTI18nStrings.bundle",
			);
			name = "[CP] Copy Pods Resources";
			outputPaths = (
				"${TARGET_BUILD_DIR}/${UNLOCALIZED_RESOURCES_FOLDER_PATH}/EXConstants.bundle",
				"${TARGET_BUILD_DIR}/${UNLOCALIZED_RESOURCES_FOLDER_PATH}/EXUpdates.bundle",
				"${TARGET_BUILD_DIR}/${UNLOCALIZED_RESOURCES_FOLDER_PATH}/RCTI18nStrings.bundle",
			);
			runOnlyForDeploymentPostprocessing = 0;
			shellPath = /bin/sh;
			shellScript = "\"${PODS_ROOT}/Target Support Files/Pods-YNXPay/Pods-YNXPay-resources.sh\"\n";
			showEnvVarsInLog = 0;
		};
/* End PBXShellScriptBuildPhase section */

/* Begin PBXSourcesBuildPhase section */
		13B07F871A680F5B00A75B9A /* Sources */ = {
			isa = PBXSourcesBuildPhase;
			buildActionMask = 2147483647;
			files = (
				F11748422D0307B40044C1D9 /* AppDelegate.swift in Sources */,
			);
			runOnlyForDeploymentPostprocessing = 0;
		};
/* End PBXSourcesBuildPhase section */

/* Begin XCBuildConfiguration section */
		13B07F941A680F5B00A75B9A /* Debug */ = {
			isa = XCBuildConfiguration;
			buildSettings = {
				ASSETCATALOG_COMPILER_APPICON_NAME = AppIcon;
				CLANG_ENABLE_MODULES = YES;
				CURRENT_PROJECT_VERSION = 1;
				ENABLE_BITCODE = NO;
				GCC_PREPROCESSOR_DEFINITIONS = (
					"$(inherited)",
					"FB_SONARKIT_ENABLED=1",
				);
				INFOPLIST_FILE = YNXPay/Info.plist;
				IPHONEOS_DEPLOYMENT_TARGET = 16.4;
				LD_RUNPATH_SEARCH_PATHS = (
					"$(inherited)",
					"@executable_path/Frameworks",
				);
				MACOSX_DEPLOYMENT_TARGET = 13.4;
				MARKETING_VERSION = 1.0;
				OTHER_LDFLAGS = (
					"$(inherited)",
					"-ObjC",
					"-lc++",
				);
				PRODUCT_BUNDLE_IDENTIFIER = "com.ynxweb4.pay";
				PRODUCT_NAME = "YNXPay";
				SWIFT_OBJC_BRIDGING_HEADER = "YNXPay/YNXPay-Bridging-Header.h";
				SWIFT_OPTIMIZATION_LEVEL = "-Onone";
				SWIFT_VERSION = 5.0;
				VERSIONING_SYSTEM = "apple-generic";
				TARGETED_DEVICE_FAMILY = "1,2";
				CODE_SIGN_ENTITLEMENTS = YNXPay/YNXPay.entitlements;
			};
			name = Debug;
		};
		13B07F951A680F5B00A75B9A /* Release */ = {
			isa = XCBuildConfiguration;
			buildSettings = {
				ASSETCATALOG_COMPILER_APPICON_NAME = AppIcon;
				CLANG_ENABLE_MODULES = YES;
				CURRENT_PROJECT_VERSION = 1;
				INFOPLIST_FILE = YNXPay/Info.plist;
				IPHONEOS_DEPLOYMENT_TARGET = 16.4;
				LD_RUNPATH_SEARCH_PATHS = (
					"$(inherited)",
					"@executable_path/Frameworks",
				);
				MACOSX_DEPLOYMENT_TARGET = 13.4;
				MARKETING_VERSION = 1.0;
				OTHER_LDFLAGS = (
					"$(inherited)",
					"-ObjC",
					"-lc++",
				);
				PRODUCT_BUNDLE_IDENTIFIER = "com.ynxweb4.pay";
				PRODUCT_NAME = "YNXPay";
				SWIFT_OBJC_BRIDGING_HEADER = "YNXPay/YNXPay-Bridging-Header.h";
				SWIFT_VERSION = 5.0;
				VERSIONING_SYSTEM = "apple-generic";
				TARGETED_DEVICE_FAMILY = "1,2";
				CODE_SIGN_ENTITLEMENTS = YNXPay/YNXPay.entitlements;
			};
			name = Release;
		};
		83CBBA201A601CBA00E9B192 /* Debug */ = {
			isa = XCBuildConfiguration;
			buildSettings = {
				ALWAYS_SEARCH_USER_PATHS = NO;
				CLANG_ANALYZER_LOCALIZABILITY_NONLOCALIZED = YES;
				CLANG_CXX_LANGUAGE_STANDARD = "c++20";
				CLANG_CXX_LIBRARY = "libc++";
				CLANG_ENABLE_MODULES = YES;
				CLANG_ENABLE_OBJC_ARC = YES;
				CLANG_WARN_BLOCK_CAPTURE_AUTORELEASING = YES;
				CLANG_WARN_BOOL_CONVERSION = YES;
				CLANG_WARN_COMMA = YES;
				CLANG_WARN_CONSTANT_CONVERSION = YES;
				CLANG_WARN_DEPRECATED_OBJC_IMPLEMENTATIONS = YES;
				CLANG_WARN_DIRECT_OBJC_ISA_USAGE = YES_ERROR;
				CLANG_WARN_EMPTY_BODY = YES;
				CLANG_WARN_ENUM_CONVERSION = YES;
				CLANG_WARN_INFINITE_RECURSION = YES;
				CLANG_WARN_INT_CONVERSION = YES;
				CLANG_WARN_NON_LITERAL_NULL_CONVERSION = YES;
				CLANG_WARN_OBJC_IMPLICIT_RETAIN_SELF = YES;
				CLANG_WARN_OBJC_LITERAL_CONVERSION = YES;
				CLANG_WARN_OBJC_ROOT_CLASS = YES_ERROR;
				CLANG_WARN_RANGE_LOOP_ANALYSIS = YES;
				CLANG_WARN_STRICT_PROTOTYPES = YES;
				CLANG_WARN_SUSPICIOUS_MOVE = YES;
				CLANG_WARN_UNREACHABLE_CODE = YES;
				CLANG_WARN__DUPLICATE_METHOD_MATCH = YES;
				"CODE_SIGN_IDENTITY[sdk=iphoneos*]" = "iPhone Developer";
				COPY_PHASE_STRIP = NO;
				ENABLE_STRICT_OBJC_MSGSEND = YES;
				ENABLE_TESTABILITY = YES;
				GCC_C_LANGUAGE_STANDARD = gnu99;
				GCC_DYNAMIC_NO_PIC = NO;
				GCC_NO_COMMON_BLOCKS = YES;
				GCC_OPTIMIZATION_LEVEL = 0;
				GCC_PREPROCESSOR_DEFINITIONS = (
					"DEBUG=1",
					"$(inherited)",
				);
				GCC_SYMBOLS_PRIVATE_EXTERN = NO;
				GCC_WARN_64_TO_32_BIT_CONVERSION = YES;
				GCC_WARN_ABOUT_RETURN_TYPE = YES_ERROR;
				GCC_WARN_UNDECLARED_SELECTOR = YES;
				GCC_WARN_UNINITIALIZED_AUTOS = YES_AGGRESSIVE;
				GCC_WARN_UNUSED_FUNCTION = YES;
				GCC_WARN_UNUSED_VARIABLE = YES;
				IPHONEOS_DEPLOYMENT_TARGET = 16.4;
				LD_RUNPATH_SEARCH_PATHS = (
					/usr/lib/swift,
					"$(inherited)",
				);
				LIBRARY_SEARCH_PATHS = "\"$(inherited)\"";
				MTL_ENABLE_DEBUG_INFO = YES;
				ONLY_ACTIVE_ARCH = YES;
				SDKROOT = iphoneos;
			};
			name = Debug;
		};
		83CBBA211A601CBA00E9B192 /* Release */ = {
			isa = XCBuildConfiguration;
			buildSettings = {
				ALWAYS_SEARCH_USER_PATHS = NO;
				CLANG_ANALYZER_LOCALIZABILITY_NONLOCALIZED = YES;
				CLANG_CXX_LANGUAGE_STANDARD = "c++20";
				CLANG_CXX_LIBRARY = "libc++";
				CLANG_ENABLE_MODULES = YES;
				CLANG_ENABLE_OBJC_ARC = YES;
				CLANG_WARN_BLOCK_CAPTURE_AUTORELEASING = YES;
				CLANG_WARN_BOOL_CONVERSION = YES;
				CLANG_WARN_COMMA = YES;
				CLANG_WARN_CONSTANT_CONVERSION = YES;
				CLANG_WARN_DEPRECATED_OBJC_IMPLEMENTATIONS = YES;
				CLANG_WARN_DIRECT_OBJC_ISA_USAGE = YES_ERROR;
				CLANG_WARN_EMPTY_BODY = YES;
				CLANG_WARN_ENUM_CONVERSION = YES;
				CLANG_WARN_INFINITE_RECURSION = YES;
				CLANG_WARN_INT_CONVERSION = YES;
				CLANG_WARN_NON_LITERAL_NULL_CONVERSION = YES;
				CLANG_WARN_OBJC_IMPLICIT_RETAIN_SELF = YES;
				CLANG_WARN_OBJC_LITERAL_CONVERSION = YES;
				CLANG_WARN_OBJC_ROOT_CLASS = YES_ERROR;
				CLANG_WARN_RANGE_LOOP_ANALYSIS = YES;
				CLANG_WARN_STRICT_PROTOTYPES = YES;
				CLANG_WARN_SUSPICIOUS_MOVE = YES;
				CLANG_WARN_UNREACHABLE_CODE = YES;
				CLANG_WARN__DUPLICATE_METHOD_MATCH = YES;
				"CODE_SIGN_IDENTITY[sdk=iphoneos*]" = "iPhone Developer";
				COPY_PHASE_STRIP = YES;
				ENABLE_NS_ASSERTIONS = NO;
				ENABLE_STRICT_OBJC_MSGSEND = YES;
				GCC_C_LANGUAGE_STANDARD = gnu99;
				GCC_NO_COMMON_BLOCKS = YES;
				GCC_WARN_64_TO_32_BIT_CONVERSION = YES;
				GCC_WARN_ABOUT_RETURN_TYPE = YES_ERROR;
				GCC_WARN_UNDECLARED_SELECTOR = YES;
				GCC_WARN_UNINITIALIZED_AUTOS = YES_AGGRESSIVE;
				GCC_WARN_UNUSED_FUNCTION = YES;
				GCC_WARN_UNUSED_VARIABLE = YES;
				IPHONEOS_DEPLOYMENT_TARGET = 16.4;
				LD_RUNPATH_SEARCH_PATHS = (
					/usr/lib/swift,
					"$(inherited)",
				);
				LIBRARY_SEARCH_PATHS = "\"$(inherited)\"";
				MTL_ENABLE_DEBUG_INFO = NO;
				SDKROOT = iphoneos;
				VALIDATE_PRODUCT = YES;
			};
			name = Release;
		};
/* End XCBuildConfiguration section */

/* Begin XCConfigurationList section */
		13B07F931A680F5B00A75B9A /* Build configuration list for PBXNativeTarget "YNXPay" */ = {
			isa = XCConfigurationList;
			buildConfigurations = (
				13B07F941A680F5B00A75B9A /* Debug */,
				13B07F951A680F5B00A75B9A /* Release */,
			);
			defaultConfigurationIsVisible = 0;
			defaultConfigurationName = Release;
		};
		83CBB9FA1A601CBA00E9B192 /* Build configuration list for PBXProject "YNXPay" */ = {
			isa = XCConfigurationList;
			buildConfigurations = (
				83CBBA201A601CBA00E9B192 /* Debug */,
				83CBBA211A601CBA00E9B192 /* Release */,
			);
			defaultConfigurationIsVisible = 0;
			defaultConfigurationName = Release;
		};
/* End XCConfigurationList section */
	};
	rootObject = 83CBB9F71A601CBA00E9B192 /* Project object */;
}
